Microsoft Visual Studio Solution File, Format Version 12.00
# Visual Studio Version 17
VisualStudioVersion = 17.1.32414.318
MinimumVisualStudioVersion = 10.0.40219.1
Project("{9A19103F-16F7-4668-BE54-9A1E7A4F7556}") = "Testing", "Testing\Testing.csproj", "{B534AACF-405C-4D74-AC01-581AC811EDA1}"
EndProject
Project("{2150E333-8FDC-42A3-9474-1A3956D46DE8}") = "Solution Items", "Solution Items", "{BE145216-DF58-4888-8CBB-5C9358F52976}"
	ProjectSection(SolutionItems) = preProject
		.gitignore = .gitignore
	EndProjectSection
EndProject
Global
	GlobalSection(SolutionConfigurationPlatforms) = preSolution
		Debug|Any CPU = Debug|Any CPU
		Release|Any CPU = Release|Any CPU
	EndGlobalSection
	GlobalSection(ProjectConfigurationPlatforms) = postSolution
		{B534AACF-405C-4D74-AC01-581AC811EDA1}.Debug|Any CPU.ActiveCfg = Debug|Any CPU
		{B534AACF-405C-4D74-AC01-581AC811EDA1}.Debug|Any CPU.Build.0 = Debug|Any CPU
		{B534AACF-405C-4D74-AC01-581AC811EDA1}.Release|Any CPU.ActiveCfg = Release|Any CPU
		{B534AACF-405C-4D74-AC01-581AC811EDA1}.Release|Any CPU.Build.0 = Release|Any CPU
	EndGlobalSection
	GlobalSection(SolutionProperties) = preSolution
		HideSolutionNode = FALSE
	EndGlobalSection
	GlobalSection(ExtensibilityGlobals) = postSolution
		SolutionGuid = {2336274D-B6D0-453E-95D6-FC86569F96A4}
	EndGlobalSection
EndGlobal
